
Microsoft Visual Studio Solution File, Format Version 12.00
# Visual Studio Version 17
VisualStudioVersion = 17.14.36310.24 d17.14
MinimumVisualStudioVersion = 10.0.40219.1
Project("{FAE04EC0-301F-11D3-BF4B-00C04F79EFBC}") = "FilmesAPI", "FilmesAPI\FilmesAPI.csproj", "{6BB2F717-0D7B-4837-8564-C5D86E068F2B}"
EndProject
Global
	GlobalSection(SolutionConfigurationPlatforms) = preSolution
		Debug|Any CPU = Debug|Any CPU
		Release|Any CPU = Release|Any CPU
	EndGlobalSection
	GlobalSection(ProjectConfigurationPlatforms) = postSolution
		{6BB2F717-0D7B-4837-8564-C5D86E068F2B}.Debug|Any CPU.ActiveCfg = Debug|Any CPU
		{6BB2F717-0D7B-4837-8564-C5D86E068F2B}.Debug|Any CPU.Build.0 = Debug|Any CPU
		{6BB2F717-0D7B-4837-8564-C5D86E068F2B}.Release|Any CPU.ActiveCfg = Release|Any CPU
		{6BB2F717-0D7B-4837-8564-C5D86E068F2B}.Release|Any CPU.Build.0 = Release|Any CPU
	EndGlobalSection
	GlobalSection(SolutionProperties) = preSolution
		HideSolutionNode = FALSE
	EndGlobalSection
	GlobalSection(ExtensibilityGlobals) = postSolution
		SolutionGuid = {A20A0D55-1CBA-43DD-8E66-774AD5C5E471}
	EndGlobalSection
EndGlobal
